
Microsoft Visual Studio Solution File, Format Version 12.00
# Visual Studio Version 16
VisualStudioVersion = 16.0.30503.244
MinimumVisualStudioVersion = 10.0.40219.1
Project("{FAE04EC0-301F-11D3-BF4B-00C04F79EFBC}") = "SaberInteractiveTest", "SaberInteractiveTest\SaberInteractiveTest.csproj", "{011B2A1E-823D-4550-B152-101B559C1F0F}"
EndProject
Global
	GlobalSection(SolutionConfigurationPlatforms) = preSolution
		Debug|Any CPU = Debug|Any CPU
		Release|Any CPU = Release|Any CPU
	EndGlobalSection
	GlobalSection(ProjectConfigurationPlatforms) = postSolution
		{011B2A1E-823D-4550-B152-101B559C1F0F}.Debug|Any CPU.ActiveCfg = Debug|Any CPU
		{011B2A1E-823D-4550-B152-101B559C1F0F}.Debug|Any CPU.Build.0 = Debug|Any CPU
		{011B2A1E-823D-4550-B152-101B559C1F0F}.Release|Any CPU.ActiveCfg = Release|Any CPU
		{011B2A1E-823D-4550-B152-101B559C1F0F}.Release|Any CPU.Build.0 = Release|Any CPU
	EndGlobalSection
	GlobalSection(SolutionProperties) = preSolution
		HideSolutionNode = FALSE
	EndGlobalSection
	GlobalSection(ExtensibilityGlobals) = postSolution
		SolutionGuid = {5822AEB0-F427-4559-A1CE-ABA69F5B579E}
	EndGlobalSection
EndGlobal
